
Microsoft Visual Studio Solution File, Format Version 12.00
# Visual Studio Version 17
VisualStudioVersion = 17.0.31919.166
MinimumVisualStudioVersion = 10.0.40219.1
Project("{FAE04EC0-301F-11D3-BF4B-00C04F79EFBC}") = "Windows Installer", "Windows Installer\Windows Installer.csproj", "{370615A5-10FE-487B-822E-61F98BCFFC5B}"
EndProject
Global
	GlobalSection(SolutionConfigurationPlatforms) = preSolution
		Debug|Any CPU = Debug|Any CPU
		Release|Any CPU = Release|Any CPU
	EndGlobalSection
	GlobalSection(ProjectConfigurationPlatforms) = postSolution
		{370615A5-10FE-487B-822E-61F98BCFFC5B}.Debug|Any CPU.ActiveCfg = Debug|Any CPU
		{370615A5-10FE-487B-822E-61F98BCFFC5B}.Debug|Any CPU.Build.0 = Debug|Any CPU
		{370615A5-10FE-487B-822E-61F98BCFFC5B}.Release|Any CPU.ActiveCfg = Release|Any CPU
		{370615A5-10FE-487B-822E-61F98BCFFC5B}.Release|Any CPU.Build.0 = Release|Any CPU
	EndGlobalSection
	GlobalSection(SolutionProperties) = preSolution
		HideSolutionNode = FALSE
	EndGlobalSection
	GlobalSection(ExtensibilityGlobals) = postSolution
		SolutionGuid = {C88F6D04-2B9C-4A03-86E8-1716FCABDFEA}
	EndGlobalSection
EndGlobal
